
Microsoft Visual Studio Solution File, Format Version 12.00
# Visual Studio Version 17
VisualStudioVersion = 17.1.32210.238
MinimumVisualStudioVersion = 10.0.40219.1
Project("{9A19103F-16F7-4668-BE54-9A1E7A4F7556}") = "Zeiterfassung", "Zeiterfassung\Zeiterfassung.csproj", "{0389F274-A1D0-40E8-8CDA-A397591F0D08}"
EndProject
Global
	GlobalSection(SolutionConfigurationPlatforms) = preSolution
		Debug|Any CPU = Debug|Any CPU
		Release|Any CPU = Release|Any CPU
	EndGlobalSection
	GlobalSection(ProjectConfigurationPlatforms) = postSolution
		{0389F274-A1D0-40E8-8CDA-A397591F0D08}.Debug|Any CPU.ActiveCfg = Debug|Any CPU
		{0389F274-A1D0-40E8-8CDA-A397591F0D08}.Debug|Any CPU.Build.0 = Debug|Any CPU
		{0389F274-A1D0-40E8-8CDA-A397591F0D08}.Release|Any CPU.ActiveCfg = Release|Any CPU
		{0389F274-A1D0-40E8-8CDA-A397591F0D08}.Release|Any CPU.Build.0 = Release|Any CPU
	EndGlobalSection
	GlobalSection(SolutionProperties) = preSolution
		HideSolutionNode = FALSE
	EndGlobalSection
	GlobalSection(ExtensibilityGlobals) = postSolution
		SolutionGuid = {78E461F1-796B-450B-BFB9-899C88C1A15C}
	EndGlobalSection
EndGlobal
